
Microsoft Visual Studio Solution File, Format Version 12.00
# Visual Studio Version 16
VisualStudioVersion = 16.0.31313.79
MinimumVisualStudioVersion = 10.0.40219.1
Project("{2150E333-8FDC-42A3-9474-1A3956D46DE8}") = "Src", "Src", "{317F3E67-0473-4AD6-B9D5-21BCE710F8D7}"
EndProject
Project("{2150E333-8FDC-42A3-9474-1A3956D46DE8}") = "Tests", "Tests", "{3C3BEE59-3B2B-4621-8F13-E08A593B8D1D}"
EndProject
Project("{2150E333-8FDC-42A3-9474-1A3956D46DE8}") = "Doc", "Doc", "{CF3A5C2B-E6D0-438B-A862-436B6AF39802}"
EndProject
Project("{2150E333-8FDC-42A3-9474-1A3956D46DE8}") = "Solution Items", "Solution Items", "{F6298323-5E17-46E0-98CB-B5D69B791730}"
EndProject
Project("{2150E333-8FDC-42A3-9474-1A3956D46DE8}") = "Core", "Core", "{52C95F28-D3AB-43D2-8137-E4C5E81ADF0F}"
EndProject
Project("{9A19103F-16F7-4668-BE54-9A1E7A4F7556}") = "Store_2.Domain", "Store_2.Domain\Store_2.Domain.csproj", "{A7DFA4ED-A267-429B-AE16-CB21F74D3779}"
EndProject
Project("{9A19103F-16F7-4668-BE54-9A1E7A4F7556}") = "Store_2.Application", "Store_2.Application\Store_2.Application.csproj", "{0F39E1B5-6397-47FE-95D5-D5B390CBC953}"
EndProject
Project("{2150E333-8FDC-42A3-9474-1A3956D46DE8}") = "Presentation", "Presentation", "{0E741062-9A2C-46FB-995E-D2E524AF29B1}"
EndProject
Project("{2150E333-8FDC-42A3-9474-1A3956D46DE8}") = "Infrastructures", "Infrastructures", "{527A9AA3-B8AD-48A2-B6FE-0446FE0C59B2}"
EndProject
Project("{9A19103F-16F7-4668-BE54-9A1E7A4F7556}") = "Store_2.Persistance", "Store_2.Persistance\Store_2.Persistance.csproj", "{0F725208-78C4-4B8B-9654-9E83102132EF}"
EndProject
Project("{9A19103F-16F7-4668-BE54-9A1E7A4F7556}") = "Store_2.Infrastructure", "Store_2.Infrastructure\Store_2.Infrastructure.csproj", "{8042BEFA-BE34-4D65-A075-C4DEA04F5C1D}"
EndProject
Project("{9A19103F-16F7-4668-BE54-9A1E7A4F7556}") = "Admin.EndPoint", "Admin.EndPoint\Admin.EndPoint.csproj", "{BF5AC1BD-90E2-4680-8E3A-0A2C6EAECC4A}"
EndProject
Project("{2150E333-8FDC-42A3-9474-1A3956D46DE8}") = "Commons", "Commons", "{328E0EAD-1168-4EBA-A4BC-C69143AB7D97}"
EndProject
Project("{9A19103F-16F7-4668-BE54-9A1E7A4F7556}") = "Common", "Common\Common.csproj", "{24887F64-D457-43D4-9728-6E1C997158FB}"
EndProject
Project("{9A19103F-16F7-4668-BE54-9A1E7A4F7556}") = "StaticFile.EndPoint", "StaticFile.EndPoint\StaticFile.EndPoint.csproj", "{C399D23D-D689-466A-B076-0E9803422F2D}"
EndProject
Project("{9A19103F-16F7-4668-BE54-9A1E7A4F7556}") = "Store_3.EndPoint", "Store_3.EndPoint\Store_3.EndPoint.csproj", "{F501CC2B-0BA3-487D-B718-29F1F630A1B3}"
EndProject
Project("{9A19103F-16F7-4668-BE54-9A1E7A4F7556}") = "UnitTest", "UnitTest\UnitTest.csproj", "{D5B9A22A-7B77-45B3-A833-B61F2A9C403F}"
EndProject
Project("{FAE04EC0-301F-11D3-BF4B-00C04F79EFBC}") = "API.EndPoint", "API.EndPoint\API.EndPoint.csproj", "{E5152186-940A-455D-A9E4-8B208EF3D4D5}"
EndProject
Global
	GlobalSection(SolutionConfigurationPlatforms) = preSolution
		Debug|Any CPU = Debug|Any CPU
		Release|Any CPU = Release|Any CPU
	EndGlobalSection
	GlobalSection(ProjectConfigurationPlatforms) = postSolution
		{A7DFA4ED-A267-429B-AE16-CB21F74D3779}.Debug|Any CPU.ActiveCfg = Debug|Any CPU
		{A7DFA4ED-A267-429B-AE16-CB21F74D3779}.Debug|Any CPU.Build.0 = Debug|Any CPU
		{A7DFA4ED-A267-429B-AE16-CB21F74D3779}.Release|Any CPU.ActiveCfg = Release|Any CPU
		{A7DFA4ED-A267-429B-AE16-CB21F74D3779}.Release|Any CPU.Build.0 = Release|Any CPU
		{0F39E1B5-6397-47FE-95D5-D5B390CBC953}.Debug|Any CPU.ActiveCfg = Debug|Any CPU
		{0F39E1B5-6397-47FE-95D5-D5B390CBC953}.Debug|Any CPU.Build.0 = Debug|Any CPU
		{0F39E1B5-6397-47FE-95D5-D5B390CBC953}.Release|Any CPU.ActiveCfg = Release|Any CPU
		{0F39E1B5-6397-47FE-95D5-D5B390CBC953}.Release|Any CPU.Build.0 = Release|Any CPU
		{0F725208-78C4-4B8B-9654-9E83102132EF}.Debug|Any CPU.ActiveCfg = Debug|Any CPU
		{0F725208-78C4-4B8B-9654-9E83102132EF}.Debug|Any CPU.Build.0 = Debug|Any CPU
		{0F725208-78C4-4B8B-9654-9E83102132EF}.Release|Any CPU.ActiveCfg = Release|Any CPU
		{0F725208-78C4-4B8B-9654-9E83102132EF}.Release|Any CPU.Build.0 = Release|Any CPU
		{8042BEFA-BE34-4D65-A075-C4DEA04F5C1D}.Debug|Any CPU.ActiveCfg = Debug|Any CPU
		{8042BEFA-BE34-4D65-A075-C4DEA04F5C1D}.Debug|Any CPU.Build.0 = Debug|Any CPU
		{8042BEFA-BE34-4D65-A075-C4DEA04F5C1D}.Release|Any CPU.ActiveCfg = Release|Any CPU
		{8042BEFA-BE34-4D65-A075-C4DEA04F5C1D}.Release|Any CPU.Build.0 = Release|Any CPU
		{BF5AC1BD-90E2-4680-8E3A-0A2C6EAECC4A}.Debug|Any CPU.ActiveCfg = Debug|Any CPU
		{BF5AC1BD-90E2-4680-8E3A-0A2C6EAECC4A}.Debug|Any CPU.Build.0 = Debug|Any CPU
		{BF5AC1BD-90E2-4680-8E3A-0A2C6EAECC4A}.Release|Any CPU.ActiveCfg = Release|Any CPU
		{BF5AC1BD-90E2-4680-8E3A-0A2C6EAECC4A}.Release|Any CPU.Build.0 = Release|Any CPU
		{24887F64-D457-43D4-9728-6E1C997158FB}.Debug|Any CPU.ActiveCfg = Debug|Any CPU
		{24887F64-D457-43D4-9728-6E1C997158FB}.Debug|Any CPU.Build.0 = Debug|Any CPU
		{24887F64-D457-43D4-9728-6E1C997158FB}.Release|Any CPU.ActiveCfg = Release|Any CPU
		{24887F64-D457-43D4-9728-6E1C997158FB}.Release|Any CPU.Build.0 = Release|Any CPU
		{C399D23D-D689-466A-B076-0E9803422F2D}.Debug|Any CPU.ActiveCfg = Debug|Any CPU
		{C399D23D-D689-466A-B076-0E9803422F2D}.Debug|Any CPU.Build.0 = Debug|Any CPU
		{C399D23D-D689-466A-B076-0E9803422F2D}.Release|Any CPU.ActiveCfg = Release|Any CPU
		{C399D23D-D689-466A-B076-0E9803422F2D}.Release|Any CPU.Build.0 = Release|Any CPU
		{F501CC2B-0BA3-487D-B718-29F1F630A1B3}.Debug|Any CPU.ActiveCfg = Debug|Any CPU
		{F501CC2B-0BA3-487D-B718-29F1F630A1B3}.Debug|Any CPU.Build.0 = Debug|Any CPU
		{F501CC2B-0BA3-487D-B718-29F1F630A1B3}.Release|Any CPU.ActiveCfg = Release|Any CPU
		{F501CC2B-0BA3-487D-B718-29F1F630A1B3}.Release|Any CPU.Build.0 = Release|Any CPU
		{D5B9A22A-7B77-45B3-A833-B61F2A9C403F}.Debug|Any CPU.ActiveCfg = Debug|Any CPU
		{D5B9A22A-7B77-45B3-A833-B61F2A9C403F}.Debug|Any CPU.Build.0 = Debug|Any CPU
		{D5B9A22A-7B77-45B3-A833-B61F2A9C403F}.Release|Any CPU.ActiveCfg = Release|Any CPU
		{D5B9A22A-7B77-45B3-A833-B61F2A9C403F}.Release|Any CPU.Build.0 = Release|Any CPU
		{E5152186-940A-455D-A9E4-8B208EF3D4D5}.Debug|Any CPU.ActiveCfg = Debug|Any CPU
		{E5152186-940A-455D-A9E4-8B208EF3D4D5}.Debug|Any CPU.Build.0 = Debug|Any CPU
		{E5152186-940A-455D-A9E4-8B208EF3D4D5}.Release|Any CPU.ActiveCfg = Release|Any CPU
		{E5152186-940A-455D-A9E4-8B208EF3D4D5}.Release|Any CPU.Build.0 = Release|Any CPU
	EndGlobalSection
	GlobalSection(SolutionProperties) = preSolution
		HideSolutionNode = FALSE
	EndGlobalSection
	GlobalSection(NestedProjects) = preSolution
		{52C95F28-D3AB-43D2-8137-E4C5E81ADF0F} = {317F3E67-0473-4AD6-B9D5-21BCE710F8D7}
		{A7DFA4ED-A267-429B-AE16-CB21F74D3779} = {52C95F28-D3AB-43D2-8137-E4C5E81ADF0F}
		{0F39E1B5-6397-47FE-95D5-D5B390CBC953} = {52C95F28-D3AB-43D2-8137-E4C5E81ADF0F}
		{0E741062-9A2C-46FB-995E-D2E524AF29B1} = {317F3E67-0473-4AD6-B9D5-21BCE710F8D7}
		{527A9AA3-B8AD-48A2-B6FE-0446FE0C59B2} = {317F3E67-0473-4AD6-B9D5-21BCE710F8D7}
		{0F725208-78C4-4B8B-9654-9E83102132EF} = {527A9AA3-B8AD-48A2-B6FE-0446FE0C59B2}
		{8042BEFA-BE34-4D65-A075-C4DEA04F5C1D} = {527A9AA3-B8AD-48A2-B6FE-0446FE0C59B2}
		{BF5AC1BD-90E2-4680-8E3A-0A2C6EAECC4A} = {0E741062-9A2C-46FB-995E-D2E524AF29B1}
		{328E0EAD-1168-4EBA-A4BC-C69143AB7D97} = {317F3E67-0473-4AD6-B9D5-21BCE710F8D7}
		{24887F64-D457-43D4-9728-6E1C997158FB} = {328E0EAD-1168-4EBA-A4BC-C69143AB7D97}
		{C399D23D-D689-466A-B076-0E9803422F2D} = {0E741062-9A2C-46FB-995E-D2E524AF29B1}
		{D5B9A22A-7B77-45B3-A833-B61F2A9C403F} = {3C3BEE59-3B2B-4621-8F13-E08A593B8D1D}
		{E5152186-940A-455D-A9E4-8B208EF3D4D5} = {0E741062-9A2C-46FB-995E-D2E524AF29B1}
	EndGlobalSection
	GlobalSection(ExtensibilityGlobals) = postSolution
		SolutionGuid = {C9C8C01B-2405-4E38-AC4E-B93CF2C8E4AD}
	EndGlobalSection
EndGlobal
